
Microsoft Visual Studio Solution File, Format Version 12.00
# Visual Studio Version 16
VisualStudioVersion = 16.0.31410.357
MinimumVisualStudioVersion = 10.0.40219.1
Project("{9A19103F-16F7-4668-BE54-9A1E7A4F7556}") = "ToDuwu Project Mk1", "ToDuwu Project Mk1\ToDuwu Project Mk1.csproj", "{594BD452-B34B-4E48-9F48-1012EAA4F41C}"
EndProject
Project("{00D1A9C2-B5F0-4AF3-8072-F6C62B433612}") = "ToDuwu Database", "ToDuwu Database\ToDuwu Database.sqlproj", "{B05B4736-E0C3-406A-86C8-BED5B14568CE}"
EndProject
Global
	GlobalSection(SolutionConfigurationPlatforms) = preSolution
		Debug|Any CPU = Debug|Any CPU
		Release|Any CPU = Release|Any CPU
	EndGlobalSection
	GlobalSection(ProjectConfigurationPlatforms) = postSolution
		{594BD452-B34B-4E48-9F48-1012EAA4F41C}.Debug|Any CPU.ActiveCfg = Debug|Any CPU
		{594BD452-B34B-4E48-9F48-1012EAA4F41C}.Debug|Any CPU.Build.0 = Debug|Any CPU
		{594BD452-B34B-4E48-9F48-1012EAA4F41C}.Release|Any CPU.ActiveCfg = Release|Any CPU
		{594BD452-B34B-4E48-9F48-1012EAA4F41C}.Release|Any CPU.Build.0 = Release|Any CPU
		{B05B4736-E0C3-406A-86C8-BED5B14568CE}.Debug|Any CPU.ActiveCfg = Debug|Any CPU
		{B05B4736-E0C3-406A-86C8-BED5B14568CE}.Debug|Any CPU.Build.0 = Debug|Any CPU
		{B05B4736-E0C3-406A-86C8-BED5B14568CE}.Debug|Any CPU.Deploy.0 = Debug|Any CPU
		{B05B4736-E0C3-406A-86C8-BED5B14568CE}.Release|Any CPU.ActiveCfg = Release|Any CPU
		{B05B4736-E0C3-406A-86C8-BED5B14568CE}.Release|Any CPU.Build.0 = Release|Any CPU
		{B05B4736-E0C3-406A-86C8-BED5B14568CE}.Release|Any CPU.Deploy.0 = Release|Any CPU
	EndGlobalSection
	GlobalSection(SolutionProperties) = preSolution
		HideSolutionNode = FALSE
	EndGlobalSection
	GlobalSection(ExtensibilityGlobals) = postSolution
		SolutionGuid = {858A8A03-9681-489E-826C-A37BCA185082}
	EndGlobalSection
EndGlobal
