
Microsoft Visual Studio Solution File, Format Version 12.00
# Visual Studio Version 16
VisualStudioVersion = 16.0.31410.357
MinimumVisualStudioVersion = 10.0.40219.1
Project("{FAE04EC0-301F-11D3-BF4B-00C04F79EFBC}") = "ToDuwu Project Mk1", "ToDuwu Project Mk1\ToDuwu Project Mk1.csproj", "{594BD452-B34B-4E48-9F48-1012EAA4F41C}"
EndProject
Global
	GlobalSection(SolutionConfigurationPlatforms) = preSolution
		Debug|Any CPU = Debug|Any CPU
		Release|Any CPU = Release|Any CPU
	EndGlobalSection
	GlobalSection(ProjectConfigurationPlatforms) = postSolution
		{594BD452-B34B-4E48-9F48-1012EAA4F41C}.Debug|Any CPU.ActiveCfg = Debug|Any CPU
		{594BD452-B34B-4E48-9F48-1012EAA4F41C}.Debug|Any CPU.Build.0 = Debug|Any CPU
		{594BD452-B34B-4E48-9F48-1012EAA4F41C}.Release|Any CPU.ActiveCfg = Release|Any CPU
		{594BD452-B34B-4E48-9F48-1012EAA4F41C}.Release|Any CPU.Build.0 = Release|Any CPU
	EndGlobalSection
	GlobalSection(SolutionProperties) = preSolution
		HideSolutionNode = FALSE
	EndGlobalSection
	GlobalSection(ExtensibilityGlobals) = postSolution
		SolutionGuid = {858A8A03-9681-489E-826C-A37BCA185082}
	EndGlobalSection
EndGlobal
